
Microsoft Visual Studio Solution File, Format Version 12.00
# Visual Studio 15
VisualStudioVersion = 15.0.28307.1062
MinimumVisualStudioVersion = 10.0.40219.1
Project("{FAE04EC0-301F-11D3-BF4B-00C04F79EFBC}") = "ADF_Analyzer", "ADF_Analyzer\ADF_Analyzer.csproj", "{EBD2F29B-BE3E-4232-8202-4C1F4477A944}"
EndProject
Global
	GlobalSection(SolutionConfigurationPlatforms) = preSolution
		Debug|Any CPU = Debug|Any CPU
		Release|Any CPU = Release|Any CPU
	EndGlobalSection
	GlobalSection(ProjectConfigurationPlatforms) = postSolution
		{EBD2F29B-BE3E-4232-8202-4C1F4477A944}.Debug|Any CPU.ActiveCfg = Debug|Any CPU
		{EBD2F29B-BE3E-4232-8202-4C1F4477A944}.Debug|Any CPU.Build.0 = Debug|Any CPU
		{EBD2F29B-BE3E-4232-8202-4C1F4477A944}.Release|Any CPU.ActiveCfg = Release|Any CPU
		{EBD2F29B-BE3E-4232-8202-4C1F4477A944}.Release|Any CPU.Build.0 = Release|Any CPU
	EndGlobalSection
	GlobalSection(SolutionProperties) = preSolution
		HideSolutionNode = FALSE
	EndGlobalSection
	GlobalSection(ExtensibilityGlobals) = postSolution
		SolutionGuid = {E891F663-AD70-46F0-BCF4-6813CB8B8D3B}
	EndGlobalSection
EndGlobal
